// !$*UTF8*$!
{
	archiveVersion = 1;
	classes = {
	};
	objectVersion = 50;
	objects = {

/* Begin PBXBuildFile section */
		875F118625274EC300101D0D /* SignUpViewController.swift in Sources */ = {isa = PBXBuildFile; fileRef = 875F118525274EC300101D0D /* SignUpViewController.swift */; };
		875F1189252750A400101D0D /* OneLineTextField.swift in Sources */ = {isa = PBXBuildFile; fileRef = 875F1188252750A400101D0D /* OneLineTextField.swift */; };
		8773467525272D0600A11276 /* Label+Extension.swift in Sources */ = {isa = PBXBuildFile; fileRef = 8773467025272D0600A11276 /* Label+Extension.swift */; };
		8773467625272D0600A11276 /* Button+Extension.swift in Sources */ = {isa = PBXBuildFile; fileRef = 8773467125272D0600A11276 /* Button+Extension.swift */; };
		8773467725272D0600A11276 /* Font+Extension.swift in Sources */ = {isa = PBXBuildFile; fileRef = 8773467225272D0600A11276 /* Font+Extension.swift */; };
		8773467825272D0600A11276 /* Color+Extension.swift in Sources */ = {isa = PBXBuildFile; fileRef = 8773467325272D0600A11276 /* Color+Extension.swift */; };
		8773467925272D0600A11276 /* ImageView+Extension.swift in Sources */ = {isa = PBXBuildFile; fileRef = 8773467425272D0600A11276 /* ImageView+Extension.swift */; };
		8773467F2527457100A11276 /* ButtonFormView.swift in Sources */ = {isa = PBXBuildFile; fileRef = 8773467E2527457100A11276 /* ButtonFormView.swift */; };
		87734682252748A700A11276 /* StackView+Extension.swift in Sources */ = {isa = PBXBuildFile; fileRef = 87734681252748A700A11276 /* StackView+Extension.swift */; };
		877EC10E252DFDF600E26FDF /* SegmentedControl+Extension.swift in Sources */ = {isa = PBXBuildFile; fileRef = 877EC10D252DFDF600E26FDF /* SegmentedControl+Extension.swift */; };
		878546A8252C89FD005E4585 /* LoginViewController.swift in Sources */ = {isa = PBXBuildFile; fileRef = 878546A7252C89FD005E4585 /* LoginViewController.swift */; };
		87CD3A58252DE9E9001275E8 /* SetupProfileViewController.swift in Sources */ = {isa = PBXBuildFile; fileRef = 87CD3A57252DE9E9001275E8 /* SetupProfileViewController.swift */; };
		87CD3A5B252DEC27001275E8 /* AddPhotoView.swift in Sources */ = {isa = PBXBuildFile; fileRef = 87CD3A5A252DEC27001275E8 /* AddPhotoView.swift */; };
		87EB3F042512370D001BB298 /* AppDelegate.swift in Sources */ = {isa = PBXBuildFile; fileRef = 87EB3F032512370D001BB298 /* AppDelegate.swift */; };
		87EB3F062512370D001BB298 /* SceneDelegate.swift in Sources */ = {isa = PBXBuildFile; fileRef = 87EB3F052512370D001BB298 /* SceneDelegate.swift */; };
		87EB3F082512370D001BB298 /* AuthViewController.swift in Sources */ = {isa = PBXBuildFile; fileRef = 87EB3F072512370D001BB298 /* AuthViewController.swift */; };
		87EB3F0D2512370E001BB298 /* Assets.xcassets in Resources */ = {isa = PBXBuildFile; fileRef = 87EB3F0C2512370E001BB298 /* Assets.xcassets */; };
		87EB3F102512370E001BB298 /* LaunchScreen.storyboard in Resources */ = {isa = PBXBuildFile; fileRef = 87EB3F0E2512370E001BB298 /* LaunchScreen.storyboard */; };
/* End PBXBuildFile section */

/* Begin PBXFileReference section */
		875F118525274EC300101D0D /* SignUpViewController.swift */ = {isa = PBXFileReference; lastKnownFileType = sourcecode.swift; path = SignUpViewController.swift; sourceTree = "<group>"; };
		875F1188252750A400101D0D /* OneLineTextField.swift */ = {isa = PBXFileReference; lastKnownFileType = sourcecode.swift; path = OneLineTextField.swift; sourceTree = "<group>"; };
		8773467025272D0600A11276 /* Label+Extension.swift */ = {isa = PBXFileReference; fileEncoding = 4; lastKnownFileType = sourcecode.swift; path = "Label+Extension.swift"; sourceTree = "<group>"; };
		8773467125272D0600A11276 /* Button+Extension.swift */ = {isa = PBXFileReference; fileEncoding = 4; lastKnownFileType = sourcecode.swift; path = "Button+Extension.swift"; sourceTree = "<group>"; };
		8773467225272D0600A11276 /* Font+Extension.swift */ = {isa = PBXFileReference; fileEncoding = 4; lastKnownFileType = sourcecode.swift; path = "Font+Extension.swift"; sourceTree = "<group>"; };
		8773467325272D0600A11276 /* Color+Extension.swift */ = {isa = PBXFileReference; fileEncoding = 4; lastKnownFileType = sourcecode.swift; path = "Color+Extension.swift"; sourceTree = "<group>"; };
		8773467425272D0600A11276 /* ImageView+Extension.swift */ = {isa = PBXFileReference; fileEncoding = 4; lastKnownFileType = sourcecode.swift; path = "ImageView+Extension.swift"; sourceTree = "<group>"; };
		8773467E2527457100A11276 /* ButtonFormView.swift */ = {isa = PBXFileReference; lastKnownFileType = sourcecode.swift; path = ButtonFormView.swift; sourceTree = "<group>"; };
		87734681252748A700A11276 /* StackView+Extension.swift */ = {isa = PBXFileReference; lastKnownFileType = sourcecode.swift; path = "StackView+Extension.swift"; sourceTree = "<group>"; };
		877EC10D252DFDF600E26FDF /* SegmentedControl+Extension.swift */ = {isa = PBXFileReference; lastKnownFileType = sourcecode.swift; path = "SegmentedControl+Extension.swift"; sourceTree = "<group>"; };
		878546A7252C89FD005E4585 /* LoginViewController.swift */ = {isa = PBXFileReference; lastKnownFileType = sourcecode.swift; path = LoginViewController.swift; sourceTree = "<group>"; };
		87CD3A57252DE9E9001275E8 /* SetupProfileViewController.swift */ = {isa = PBXFileReference; lastKnownFileType = sourcecode.swift; path = SetupProfileViewController.swift; sourceTree = "<group>"; };
		87CD3A5A252DEC27001275E8 /* AddPhotoView.swift */ = {isa = PBXFileReference; lastKnownFileType = sourcecode.swift; path = AddPhotoView.swift; sourceTree = "<group>"; };
		87EB3F002512370D001BB298 /* IChat.app */ = {isa = PBXFileReference; explicitFileType = wrapper.application; includeInIndex = 0; path = IChat.app; sourceTree = BUILT_PRODUCTS_DIR; };
		87EB3F032512370D001BB298 /* AppDelegate.swift */ = {isa = PBXFileReference; lastKnownFileType = sourcecode.swift; path = AppDelegate.swift; sourceTree = "<group>"; };
		87EB3F052512370D001BB298 /* SceneDelegate.swift */ = {isa = PBXFileReference; lastKnownFileType = sourcecode.swift; path = SceneDelegate.swift; sourceTree = "<group>"; };
		87EB3F072512370D001BB298 /* AuthViewController.swift */ = {isa = PBXFileReference; lastKnownFileType = sourcecode.swift; path = AuthViewController.swift; sourceTree = "<group>"; };
		87EB3F0C2512370E001BB298 /* Assets.xcassets */ = {isa = PBXFileReference; lastKnownFileType = folder.assetcatalog; path = Assets.xcassets; sourceTree = "<group>"; };
		87EB3F0F2512370E001BB298 /* Base */ = {isa = PBXFileReference; lastKnownFileType = file.storyboard; name = Base; path = Base.lproj/LaunchScreen.storyboard; sourceTree = "<group>"; };
		87EB3F112512370E001BB298 /* Info.plist */ = {isa = PBXFileReference; lastKnownFileType = text.plist.xml; path = Info.plist; sourceTree = "<group>"; };
/* End PBXFileReference section */

/* Begin PBXFrameworksBuildPhase section */
		87EB3EFD2512370D001BB298 /* Frameworks */ = {
			isa = PBXFrameworksBuildPhase;
			buildActionMask = 2147483647;
			files = (
			);
			runOnlyForDeploymentPostprocessing = 0;
		};
/* End PBXFrameworksBuildPhase section */

/* Begin PBXGroup section */
		8773466D25272C7D00A11276 /* UIKit */ = {
			isa = PBXGroup;
			children = (
				8773467125272D0600A11276 /* Button+Extension.swift */,
				8773467325272D0600A11276 /* Color+Extension.swift */,
				8773467225272D0600A11276 /* Font+Extension.swift */,
				8773467425272D0600A11276 /* ImageView+Extension.swift */,
				8773467025272D0600A11276 /* Label+Extension.swift */,
				87734681252748A700A11276 /* StackView+Extension.swift */,
				877EC10D252DFDF600E26FDF /* SegmentedControl+Extension.swift */,
			);
			path = UIKit;
			sourceTree = "<group>";
		};
		8773467C2527447500A11276 /* Extensions */ = {
			isa = PBXGroup;
			children = (
				87CD3A5A252DEC27001275E8 /* AddPhotoView.swift */,
				875F1188252750A400101D0D /* OneLineTextField.swift */,
				8773467E2527457100A11276 /* ButtonFormView.swift */,
				8773466D25272C7D00A11276 /* UIKit */,
			);
			path = Extensions;
			sourceTree = "<group>";
		};
		87EB3EF72512370D001BB298 = {
			isa = PBXGroup;
			children = (
				87EB3F022512370D001BB298 /* IChat */,
				87EB3F012512370D001BB298 /* Products */,
			);
			sourceTree = "<group>";
		};
		87EB3F012512370D001BB298 /* Products */ = {
			isa = PBXGroup;
			children = (
				87EB3F002512370D001BB298 /* IChat.app */,
			);
			name = Products;
			sourceTree = "<group>";
		};
		87EB3F022512370D001BB298 /* IChat */ = {
			isa = PBXGroup;
			children = (
				8773467C2527447500A11276 /* Extensions */,
				87EB3F032512370D001BB298 /* AppDelegate.swift */,
				87EB3F052512370D001BB298 /* SceneDelegate.swift */,
				87EB3F072512370D001BB298 /* AuthViewController.swift */,
				87EB3F0C2512370E001BB298 /* Assets.xcassets */,
				87EB3F0E2512370E001BB298 /* LaunchScreen.storyboard */,
				87EB3F112512370E001BB298 /* Info.plist */,
				875F118525274EC300101D0D /* SignUpViewController.swift */,
				878546A7252C89FD005E4585 /* LoginViewController.swift */,
				87CD3A57252DE9E9001275E8 /* SetupProfileViewController.swift */,
			);
			path = IChat;
			sourceTree = "<group>";
		};
/* End PBXGroup section */

/* Begin PBXNativeTarget section */
		87EB3EFF2512370D001BB298 /* IChat */ = {
			isa = PBXNativeTarget;
			buildConfigurationList = 87EB3F142512370E001BB298 /* Build configuration list for PBXNativeTarget "IChat" */;
			buildPhases = (
				87EB3EFC2512370D001BB298 /* Sources */,
				87EB3EFD2512370D001BB298 /* Frameworks */,
				87EB3EFE2512370D001BB298 /* Resources */,
			);
			buildRules = (
			);
			dependencies = (
			);
			name = IChat;
			productName = IChat;
			productReference = 87EB3F002512370D001BB298 /* IChat.app */;
			productType = "com.apple.product-type.application";
		};
/* End PBXNativeTarget section */

/* Begin PBXProject section */
		87EB3EF82512370D001BB298 /* Project object */ = {
			isa = PBXProject;
			attributes = {
				LastSwiftUpdateCheck = 1200;
				LastUpgradeCheck = 1200;
				TargetAttributes = {
					87EB3EFF2512370D001BB298 = {
						CreatedOnToolsVersion = 12.0;
					};
				};
			};
			buildConfigurationList = 87EB3EFB2512370D001BB298 /* Build configuration list for PBXProject "IChat" */;
			compatibilityVersion = "Xcode 9.3";
			developmentRegion = en;
			hasScannedForEncodings = 0;
			knownRegions = (
				en,
				Base,
			);
			mainGroup = 87EB3EF72512370D001BB298;
			productRefGroup = 87EB3F012512370D001BB298 /* Products */;
			projectDirPath = "";
			projectRoot = "";
			targets = (
				87EB3EFF2512370D001BB298 /* IChat */,
			);
		};
/* End PBXProject section */

/* Begin PBXResourcesBuildPhase section */
		87EB3EFE2512370D001BB298 /* Resources */ = {
			isa = PBXResourcesBuildPhase;
			buildActionMask = 2147483647;
			files = (
				87EB3F102512370E001BB298 /* LaunchScreen.storyboard in Resources */,
				87EB3F0D2512370E001BB298 /* Assets.xcassets in Resources */,
			);
			runOnlyForDeploymentPostprocessing = 0;
		};
/* End PBXResourcesBuildPhase section */

/* Begin PBXSourcesBuildPhase section */
		87EB3EFC2512370D001BB298 /* Sources */ = {
			isa = PBXSourcesBuildPhase;
			buildActionMask = 2147483647;
			files = (
				877EC10E252DFDF600E26FDF /* SegmentedControl+Extension.swift in Sources */,
				875F1189252750A400101D0D /* OneLineTextField.swift in Sources */,
				875F118625274EC300101D0D /* SignUpViewController.swift in Sources */,
				8773467825272D0600A11276 /* Color+Extension.swift in Sources */,
				8773467725272D0600A11276 /* Font+Extension.swift in Sources */,
				87CD3A58252DE9E9001275E8 /* SetupProfileViewController.swift in Sources */,
				8773467925272D0600A11276 /* ImageView+Extension.swift in Sources */,
				87734682252748A700A11276 /* StackView+Extension.swift in Sources */,
				87CD3A5B252DEC27001275E8 /* AddPhotoView.swift in Sources */,
				8773467F2527457100A11276 /* ButtonFormView.swift in Sources */,
				8773467525272D0600A11276 /* Label+Extension.swift in Sources */,
				87EB3F082512370D001BB298 /* AuthViewController.swift in Sources */,
				87EB3F042512370D001BB298 /* AppDelegate.swift in Sources */,
				8773467625272D0600A11276 /* Button+Extension.swift in Sources */,
				878546A8252C89FD005E4585 /* LoginViewController.swift in Sources */,
				87EB3F062512370D001BB298 /* SceneDelegate.swift in Sources */,
			);
			runOnlyForDeploymentPostprocessing = 0;
		};
/* End PBXSourcesBuildPhase section */

/* Begin PBXVariantGroup section */
		87EB3F0E2512370E001BB298 /* LaunchScreen.storyboard */ = {
			isa = PBXVariantGroup;
			children = (
				87EB3F0F2512370E001BB298 /* Base */,
			);
			name = LaunchScreen.storyboard;
			sourceTree = "<group>";
		};
/* End PBXVariantGroup section */

/* Begin XCBuildConfiguration section */
		87EB3F122512370E001BB298 /* Debug */ = {
			isa = XCBuildConfiguration;
			buildSettings = {
				ALWAYS_SEARCH_USER_PATHS = NO;
				CLANG_ANALYZER_NONNULL = YES;
				CLANG_ANALYZER_NUMBER_OBJECT_CONVERSION = YES_AGGRESSIVE;
				CLANG_CXX_LANGUAGE_STANDARD = "gnu++14";
				CLANG_CXX_LIBRARY = "libc++";
				CLANG_ENABLE_MODULES = YES;
				CLANG_ENABLE_OBJC_ARC = YES;
				CLANG_ENABLE_OBJC_WEAK = YES;
				CLANG_WARN_BLOCK_CAPTURE_AUTORELEASING = YES;
				CLANG_WARN_BOOL_CONVERSION = YES;
				CLANG_WARN_COMMA = YES;
				CLANG_WARN_CONSTANT_CONVERSION = YES;
				CLANG_WARN_DEPRECATED_OBJC_IMPLEMENTATIONS = YES;
				CLANG_WARN_DIRECT_OBJC_ISA_USAGE = YES_ERROR;
				CLANG_WARN_DOCUMENTATION_COMMENTS = YES;
				CLANG_WARN_EMPTY_BODY = YES;
				CLANG_WARN_ENUM_CONVERSION = YES;
				CLANG_WARN_INFINITE_RECURSION = YES;
				CLANG_WARN_INT_CONVERSION = YES;
				CLANG_WARN_NON_LITERAL_NULL_CONVERSION = YES;
				CLANG_WARN_OBJC_IMPLICIT_RETAIN_SELF = YES;
				CLANG_WARN_OBJC_LITERAL_CONVERSION = YES;
				CLANG_WARN_OBJC_ROOT_CLASS = YES_ERROR;
				CLANG_WARN_QUOTED_INCLUDE_IN_FRAMEWORK_HEADER = YES;
				CLANG_WARN_RANGE_LOOP_ANALYSIS = YES;
				CLANG_WARN_STRICT_PROTOTYPES = YES;
				CLANG_WARN_SUSPICIOUS_MOVE = YES;
				CLANG_WARN_UNGUARDED_AVAILABILITY = YES_AGGRESSIVE;
				CLANG_WARN_UNREACHABLE_CODE = YES;
				CLANG_WARN__DUPLICATE_METHOD_MATCH = YES;
				COPY_PHASE_STRIP = NO;
				DEBUG_INFORMATION_FORMAT = dwarf;
				ENABLE_STRICT_OBJC_MSGSEND = YES;
				ENABLE_TESTABILITY = YES;
				GCC_C_LANGUAGE_STANDARD = gnu11;
				GCC_DYNAMIC_NO_PIC = NO;
				GCC_NO_COMMON_BLOCKS = YES;
				GCC_OPTIMIZATION_LEVEL = 0;
				GCC_PREPROCESSOR_DEFINITIONS = (
					"DEBUG=1",
					"$(inherited)",
				);
				GCC_WARN_64_TO_32_BIT_CONVERSION = YES;
				GCC_WARN_ABOUT_RETURN_TYPE = YES_ERROR;
				GCC_WARN_UNDECLARED_SELECTOR = YES;
				GCC_WARN_UNINITIALIZED_AUTOS = YES_AGGRESSIVE;
				GCC_WARN_UNUSED_FUNCTION = YES;
				GCC_WARN_UNUSED_VARIABLE = YES;
				IPHONEOS_DEPLOYMENT_TARGET = 14.0;
				MTL_ENABLE_DEBUG_INFO = INCLUDE_SOURCE;
				MTL_FAST_MATH = YES;
				ONLY_ACTIVE_ARCH = YES;
				SDKROOT = iphoneos;
				SWIFT_ACTIVE_COMPILATION_CONDITIONS = DEBUG;
				SWIFT_OPTIMIZATION_LEVEL = "-Onone";
			};
			name = Debug;
		};
		87EB3F132512370E001BB298 /* Release */ = {
			isa = XCBuildConfiguration;
			buildSettings = {
				ALWAYS_SEARCH_USER_PATHS = NO;
				CLANG_ANALYZER_NONNULL = YES;
				CLANG_ANALYZER_NUMBER_OBJECT_CONVERSION = YES_AGGRESSIVE;
				CLANG_CXX_LANGUAGE_STANDARD = "gnu++14";
				CLANG_CXX_LIBRARY = "libc++";
				CLANG_ENABLE_MODULES = YES;
				CLANG_ENABLE_OBJC_ARC = YES;
				CLANG_ENABLE_OBJC_WEAK = YES;
				CLANG_WARN_BLOCK_CAPTURE_AUTORELEASING = YES;
				CLANG_WARN_BOOL_CONVERSION = YES;
				CLANG_WARN_COMMA = YES;
				CLANG_WARN_CONSTANT_CONVERSION = YES;
				CLANG_WARN_DEPRECATED_OBJC_IMPLEMENTATIONS = YES;
				CLANG_WARN_DIRECT_OBJC_ISA_USAGE = YES_ERROR;
				CLANG_WARN_DOCUMENTATION_COMMENTS = YES;
				CLANG_WARN_EMPTY_BODY = YES;
				CLANG_WARN_ENUM_CONVERSION = YES;
				CLANG_WARN_INFINITE_RECURSION = YES;
				CLANG_WARN_INT_CONVERSION = YES;
				CLANG_WARN_NON_LITERAL_NULL_CONVERSION = YES;
				CLANG_WARN_OBJC_IMPLICIT_RETAIN_SELF = YES;
				CLANG_WARN_OBJC_LITERAL_CONVERSION = YES;
				CLANG_WARN_OBJC_ROOT_CLASS = YES_ERROR;
				CLANG_WARN_QUOTED_INCLUDE_IN_FRAMEWORK_HEADER = YES;
				CLANG_WARN_RANGE_LOOP_ANALYSIS = YES;
				CLANG_WARN_STRICT_PROTOTYPES = YES;
				CLANG_WARN_SUSPICIOUS_MOVE = YES;
				CLANG_WARN_UNGUARDED_AVAILABILITY = YES_AGGRESSIVE;
				CLANG_WARN_UNREACHABLE_CODE = YES;
				CLANG_WARN__DUPLICATE_METHOD_MATCH = YES;
				COPY_PHASE_STRIP = NO;
				DEBUG_INFORMATION_FORMAT = "dwarf-with-dsym";
				ENABLE_NS_ASSERTIONS = NO;
				ENABLE_STRICT_OBJC_MSGSEND = YES;
				GCC_C_LANGUAGE_STANDARD = gnu11;
				GCC_NO_COMMON_BLOCKS = YES;
				GCC_WARN_64_TO_32_BIT_CONVERSION = YES;
				GCC_WARN_ABOUT_RETURN_TYPE = YES_ERROR;
				GCC_WARN_UNDECLARED_SELECTOR = YES;
				GCC_WARN_UNINITIALIZED_AUTOS = YES_AGGRESSIVE;
				GCC_WARN_UNUSED_FUNCTION = YES;
				GCC_WARN_UNUSED_VARIABLE = YES;
				IPHONEOS_DEPLOYMENT_TARGET = 14.0;
				MTL_ENABLE_DEBUG_INFO = NO;
				MTL_FAST_MATH = YES;
				SDKROOT = iphoneos;
				SWIFT_COMPILATION_MODE = wholemodule;
				SWIFT_OPTIMIZATION_LEVEL = "-O";
				VALIDATE_PRODUCT = YES;
			};
			name = Release;
		};
		87EB3F152512370E001BB298 /* Debug */ = {
			isa = XCBuildConfiguration;
			buildSettings = {
				ASSETCATALOG_COMPILER_APPICON_NAME = AppIcon;
				ASSETCATALOG_COMPILER_GLOBAL_ACCENT_COLOR_NAME = AccentColor;
				CODE_SIGN_STYLE = Automatic;
				DEVELOPMENT_TEAM = SFN29VRUJY;
				INFOPLIST_FILE = IChat/Info.plist;
				LD_RUNPATH_SEARCH_PATHS = (
					"$(inherited)",
					"@executable_path/Frameworks",
				);
				PRODUCT_BUNDLE_IDENTIFIER = ru.kalinin.IChat;
				PRODUCT_NAME = "$(TARGET_NAME)";
				SWIFT_VERSION = 5.0;
				TARGETED_DEVICE_FAMILY = "1,2";
			};
			name = Debug;
		};
		87EB3F162512370E001BB298 /* Release */ = {
			isa = XCBuildConfiguration;
			buildSettings = {
				ASSETCATALOG_COMPILER_APPICON_NAME = AppIcon;
				ASSETCATALOG_COMPILER_GLOBAL_ACCENT_COLOR_NAME = AccentColor;
				CODE_SIGN_STYLE = Automatic;
				DEVELOPMENT_TEAM = SFN29VRUJY;
				INFOPLIST_FILE = IChat/Info.plist;
				LD_RUNPATH_SEARCH_PATHS = (
					"$(inherited)",
					"@executable_path/Frameworks",
				);
				PRODUCT_BUNDLE_IDENTIFIER = ru.kalinin.IChat;
				PRODUCT_NAME = "$(TARGET_NAME)";
				SWIFT_VERSION = 5.0;
				TARGETED_DEVICE_FAMILY = "1,2";
			};
			name = Release;
		};
/* End XCBuildConfiguration section */

/* Begin XCConfigurationList section */
		87EB3EFB2512370D001BB298 /* Build configuration list for PBXProject "IChat" */ = {
			isa = XCConfigurationList;
			buildConfigurations = (
				87EB3F122512370E001BB298 /* Debug */,
				87EB3F132512370E001BB298 /* Release */,
			);
			defaultConfigurationIsVisible = 0;
			defaultConfigurationName = Release;
		};
		87EB3F142512370E001BB298 /* Build configuration list for PBXNativeTarget "IChat" */ = {
			isa = XCConfigurationList;
			buildConfigurations = (
				87EB3F152512370E001BB298 /* Debug */,
				87EB3F162512370E001BB298 /* Release */,
			);
			defaultConfigurationIsVisible = 0;
			defaultConfigurationName = Release;
		};
/* End XCConfigurationList section */
	};
	rootObject = 87EB3EF82512370D001BB298 /* Project object */;
}
